
Microsoft Visual Studio Solution File, Format Version 12.00
# Visual Studio Version 17
VisualStudioVersion = 17.14.36429.23 d17.14
MinimumVisualStudioVersion = 10.0.40219.1
Project("{FAE04EC0-301F-11D3-BF4B-00C04F79EFBC}") = "BlBackend", "BlBackend\BlBackend.csproj", "{BFA2E102-0879-4391-81AD-602754B17C0A}"
EndProject
Global
	GlobalSection(SolutionConfigurationPlatforms) = preSolution
		Debug|Any CPU = Debug|Any CPU
		Release|Any CPU = Release|Any CPU
	EndGlobalSection
	GlobalSection(ProjectConfigurationPlatforms) = postSolution
		{BFA2E102-0879-4391-81AD-602754B17C0A}.Debug|Any CPU.ActiveCfg = Debug|Any CPU
		{BFA2E102-0879-4391-81AD-602754B17C0A}.Debug|Any CPU.Build.0 = Debug|Any CPU
		{BFA2E102-0879-4391-81AD-602754B17C0A}.Release|Any CPU.ActiveCfg = Release|Any CPU
		{BFA2E102-0879-4391-81AD-602754B17C0A}.Release|Any CPU.Build.0 = Release|Any CPU
	EndGlobalSection
	GlobalSection(SolutionProperties) = preSolution
		HideSolutionNode = FALSE
	EndGlobalSection
	GlobalSection(ExtensibilityGlobals) = postSolution
		SolutionGuid = {6C572D07-9B2B-4F75-AFE8-CF618E4B6460}
	EndGlobalSection
EndGlobal
